
Microsoft Visual Studio Solution File, Format Version 12.00
# Visual Studio 2017
Project("{FAE04EC0-301F-11D3-BF4B-00C04F79EFBC}") = "parkingCarGame-master", "parkingCarGame-master.csproj", "{E6B43F85-84F3-485E-545A-14979F77F842}"
EndProject
Project("{FAE04EC0-301F-11D3-BF4B-00C04F79EFBC}") = "parkingCarGame-master.Plugins", "parkingCarGame-master.Plugins.csproj", "{99951387-FB9D-38D1-3737-947225EC93AE}"
EndProject
Project("{FAE04EC0-301F-11D3-BF4B-00C04F79EFBC}") = "parkingCarGame-master.Editor", "parkingCarGame-master.Editor.csproj", "{93BA25C4-19D0-7BB6-8D9E-8E1EC098CB3E}"
EndProject
Global
	GlobalSection(SolutionConfigurationPlatforms) = preSolution
		Debug|Any CPU = Debug|Any CPU
		Release|Any CPU = Release|Any CPU
	EndGlobalSection
	GlobalSection(ProjectConfigurationPlatforms) = postSolution
		{E6B43F85-84F3-485E-545A-14979F77F842}.Debug|Any CPU.ActiveCfg = Debug|Any CPU
		{E6B43F85-84F3-485E-545A-14979F77F842}.Debug|Any CPU.Build.0 = Debug|Any CPU
		{E6B43F85-84F3-485E-545A-14979F77F842}.Release|Any CPU.ActiveCfg = Release|Any CPU
		{E6B43F85-84F3-485E-545A-14979F77F842}.Release|Any CPU.Build.0 = Release|Any CPU
		{99951387-FB9D-38D1-3737-947225EC93AE}.Debug|Any CPU.ActiveCfg = Debug|Any CPU
		{99951387-FB9D-38D1-3737-947225EC93AE}.Debug|Any CPU.Build.0 = Debug|Any CPU
		{99951387-FB9D-38D1-3737-947225EC93AE}.Release|Any CPU.ActiveCfg = Release|Any CPU
		{99951387-FB9D-38D1-3737-947225EC93AE}.Release|Any CPU.Build.0 = Release|Any CPU
		{93BA25C4-19D0-7BB6-8D9E-8E1EC098CB3E}.Debug|Any CPU.ActiveCfg = Debug|Any CPU
		{93BA25C4-19D0-7BB6-8D9E-8E1EC098CB3E}.Debug|Any CPU.Build.0 = Debug|Any CPU
		{93BA25C4-19D0-7BB6-8D9E-8E1EC098CB3E}.Release|Any CPU.ActiveCfg = Release|Any CPU
		{93BA25C4-19D0-7BB6-8D9E-8E1EC098CB3E}.Release|Any CPU.Build.0 = Release|Any CPU
	EndGlobalSection
	GlobalSection(SolutionProperties) = preSolution
		HideSolutionNode = FALSE
	EndGlobalSection
EndGlobal
